// !$*UTF8*$!
{
	archiveVersion = 1;
	classes = {
	};
	objectVersion = 46;
	objects = {

/* Begin PBXBuildFile section */
		57AC18BC1ADBB95C00FB131D /* AppDelegate.swift in Sources */ = {isa = PBXBuildFile; fileRef = 57AC18BB1ADBB95C00FB131D /* AppDelegate.swift */; };
		57AC18BE1ADBB95C00FB131D /* ViewController.swift in Sources */ = {isa = PBXBuildFile; fileRef = 57AC18BD1ADBB95C00FB131D /* ViewController.swift */; };
		57AC18C11ADBB95C00FB131D /* Main.storyboard in Resources */ = {isa = PBXBuildFile; fileRef = 57AC18BF1ADBB95C00FB131D /* Main.storyboard */; };
		57AC18C31ADBB95C00FB131D /* Images.xcassets in Resources */ = {isa = PBXBuildFile; fileRef = 57AC18C21ADBB95C00FB131D /* Images.xcassets */; };
		57AC18C61ADBB95C00FB131D /* LaunchScreen.xib in Resources */ = {isa = PBXBuildFile; fileRef = 57AC18C41ADBB95C00FB131D /* LaunchScreen.xib */; };
		57AC18D21ADBB95C00FB131D /* CSTimetableTests.swift in Sources */ = {isa = PBXBuildFile; fileRef = 57AC18D11ADBB95C00FB131D /* CSTimetableTests.swift */; };
/* End PBXBuildFile section */

/* Begin PBXContainerItemProxy section */
		57AC18CC1ADBB95C00FB131D /* PBXContainerItemProxy */ = {
			isa = PBXContainerItemProxy;
			containerPortal = 57AC18AE1ADBB95C00FB131D /* Project object */;
			proxyType = 1;
			remoteGlobalIDString = 57AC18B51ADBB95C00FB131D;
			remoteInfo = CSTimetable;
		};
/* End PBXContainerItemProxy section */

/* Begin PBXFileReference section */
		57AC18B61ADBB95C00FB131D /* CSTimetable.app */ = {isa = PBXFileReference; explicitFileType = wrapper.application; includeInIndex = 0; path = CSTimetable.app; sourceTree = BUILT_PRODUCTS_DIR; };
		57AC18BA1ADBB95C00FB131D /* Info.plist */ = {isa = PBXFileReference; lastKnownFileType = text.plist.xml; path = Info.plist; sourceTree = "<group>"; };
		57AC18BB1ADBB95C00FB131D /* AppDelegate.swift */ = {isa = PBXFileReference; lastKnownFileType = sourcecode.swift; path = AppDelegate.swift; sourceTree = "<group>"; };
		57AC18BD1ADBB95C00FB131D /* ViewController.swift */ = {isa = PBXFileReference; lastKnownFileType = sourcecode.swift; path = ViewController.swift; sourceTree = "<group>"; };
		57AC18C01ADBB95C00FB131D /* Base */ = {isa = PBXFileReference; lastKnownFileType = file.storyboard; name = Base; path = Base.lproj/Main.storyboard; sourceTree = "<group>"; };
		57AC18C21ADBB95C00FB131D /* Images.xcassets */ = {isa = PBXFileReference; lastKnownFileType = folder.assetcatalog; path = Images.xcassets; sourceTree = "<group>"; };
		57AC18C51ADBB95C00FB131D /* Base */ = {isa = PBXFileReference; lastKnownFileType = file.xib; name = Base; path = Base.lproj/LaunchScreen.xib; sourceTree = "<group>"; };
		57AC18CB1ADBB95C00FB131D /* CSTimetableTests.xctest */ = {isa = PBXFileReference; explicitFileType = wrapper.cfbundle; includeInIndex = 0; path = CSTimetableTests.xctest; sourceTree = BUILT_PRODUCTS_DIR; };
		57AC18D01ADBB95C00FB131D /* Info.plist */ = {isa = PBXFileReference; lastKnownFileType = text.plist.xml; path = Info.plist; sourceTree = "<group>"; };
		57AC18D11ADBB95C00FB131D /* CSTimetableTests.swift */ = {isa = PBXFileReference; lastKnownFileType = sourcecode.swift; path = CSTimetableTests.swift; sourceTree = "<group>"; };
/* End PBXFileReference section */

/* Begin PBXFrameworksBuildPhase section */
		57AC18B31ADBB95C00FB131D /* Frameworks */ = {
			isa = PBXFrameworksBuildPhase;
			buildActionMask = 2147483647;
			files = (
			);
			runOnlyForDeploymentPostprocessing = 0;
		};
		57AC18C81ADBB95C00FB131D /* Frameworks */ = {
			isa = PBXFrameworksBuildPhase;
			buildActionMask = 2147483647;
			files = (
			);
			runOnlyForDeploymentPostprocessing = 0;
		};
/* End PBXFrameworksBuildPhase section */

/* Begin PBXGroup section */
		57AC18AD1ADBB95C00FB131D = {
			isa = PBXGroup;
			children = (
				57AC18B81ADBB95C00FB131D /* CSTimetable */,
				57AC18CE1ADBB95C00FB131D /* CSTimetableTests */,
				57AC18B71ADBB95C00FB131D /* Products */,
			);
			sourceTree = "<group>";
		};
		57AC18B71ADBB95C00FB131D /* Products */ = {
			isa = PBXGroup;
			children = (
				57AC18B61ADBB95C00FB131D /* CSTimetable.app */,
				57AC18CB1ADBB95C00FB131D /* CSTimetableTests.xctest */,
			);
			name = Products;
			sourceTree = "<group>";
		};
		57AC18B81ADBB95C00FB131D /* CSTimetable */ = {
			isa = PBXGroup;
			children = (
				57AC18BB1ADBB95C00FB131D /* AppDelegate.swift */,
				57AC18BD1ADBB95C00FB131D /* ViewController.swift */,
				57AC18BF1ADBB95C00FB131D /* Main.storyboard */,
				57AC18C21ADBB95C00FB131D /* Images.xcassets */,
				57AC18C41ADBB95C00FB131D /* LaunchScreen.xib */,
				57AC18B91ADBB95C00FB131D /* Supporting Files */,
			);
			path = CSTimetable;
			sourceTree = "<group>";
		};
		57AC18B91ADBB95C00FB131D /* Supporting Files */ = {
			isa = PBXGroup;
			children = (
				57AC18BA1ADBB95C00FB131D /* Info.plist */,
			);
			name = "Supporting Files";
			sourceTree = "<group>";
		};
		57AC18CE1ADBB95C00FB131D /* CSTimetableTests */ = {
			isa = PBXGroup;
			children = (
				57AC18D11ADBB95C00FB131D /* CSTimetableTests.swift */,
				57AC18CF1ADBB95C00FB131D /* Supporting Files */,
			);
			path = CSTimetableTests;
			sourceTree = "<group>";
		};
		57AC18CF1ADBB95C00FB131D /* Supporting Files */ = {
			isa = PBXGroup;
			children = (
				57AC18D01ADBB95C00FB131D /* Info.plist */,
			);
			name = "Supporting Files";
			sourceTree = "<group>";
		};
/* End PBXGroup section */

/* Begin PBXNativeTarget section */
		57AC18B51ADBB95C00FB131D /* CSTimetable */ = {
			isa = PBXNativeTarget;
			buildConfigurationList = 57AC18D51ADBB95C00FB131D /* Build configuration list for PBXNativeTarget "CSTimetable" */;
			buildPhases = (
				57AC18B21ADBB95C00FB131D /* Sources */,
				57AC18B31ADBB95C00FB131D /* Frameworks */,
				57AC18B41ADBB95C00FB131D /* Resources */,
			);
			buildRules = (
			);
			dependencies = (
			);
			name = CSTimetable;
			productName = CSTimetable;
			productReference = 57AC18B61ADBB95C00FB131D /* CSTimetable.app */;
			productType = "com.apple.product-type.application";
		};
		57AC18CA1ADBB95C00FB131D /* CSTimetableTests */ = {
			isa = PBXNativeTarget;
			buildConfigurationList = 57AC18D81ADBB95C00FB131D /* Build configuration list for PBXNativeTarget "CSTimetableTests" */;
			buildPhases = (
				57AC18C71ADBB95C00FB131D /* Sources */,
				57AC18C81ADBB95C00FB131D /* Frameworks */,
				57AC18C91ADBB95C00FB131D /* Resources */,
			);
			buildRules = (
			);
			dependencies = (
				57AC18CD1ADBB95C00FB131D /* PBXTargetDependency */,
			);
			name = CSTimetableTests;
			productName = CSTimetableTests;
			productReference = 57AC18CB1ADBB95C00FB131D /* CSTimetableTests.xctest */;
			productType = "com.apple.product-type.bundle.unit-test";
		};
/* End PBXNativeTarget section */

/* Begin PBXProject section */
		57AC18AE1ADBB95C00FB131D /* Project object */ = {
			isa = PBXProject;
			attributes = {
				LastUpgradeCheck = 0630;
				ORGANIZATIONNAME = "Victor Ursan";
				TargetAttributes = {
					57AC18B51ADBB95C00FB131D = {
						CreatedOnToolsVersion = 6.3;
					};
					57AC18CA1ADBB95C00FB131D = {
						CreatedOnToolsVersion = 6.3;
						TestTargetID = 57AC18B51ADBB95C00FB131D;
					};
				};
			};
			buildConfigurationList = 57AC18B11ADBB95C00FB131D /* Build configuration list for PBXProject "CSTimetable" */;
			compatibilityVersion = "Xcode 3.2";
			developmentRegion = English;
			hasScannedForEncodings = 0;
			knownRegions = (
				en,
				Base,
			);
			mainGroup = 57AC18AD1ADBB95C00FB131D;
			productRefGroup = 57AC18B71ADBB95C00FB131D /* Products */;
			projectDirPath = "";
			projectRoot = "";
			targets = (
				57AC18B51ADBB95C00FB131D /* CSTimetable */,
				57AC18CA1ADBB95C00FB131D /* CSTimetableTests */,
			);
		};
/* End PBXProject section */

/* Begin PBXResourcesBuildPhase section */
		57AC18B41ADBB95C00FB131D /* Resources */ = {
			isa = PBXResourcesBuildPhase;
			buildActionMask = 2147483647;
			files = (
				57AC18C11ADBB95C00FB131D /* Main.storyboard in Resources */,
				57AC18C61ADBB95C00FB131D /* LaunchScreen.xib in Resources */,
				57AC18C31ADBB95C00FB131D /* Images.xcassets in Resources */,
			);
			runOnlyForDeploymentPostprocessing = 0;
		};
		57AC18C91ADBB95C00FB131D /* Resources */ = {
			isa = PBXResourcesBuildPhase;
			buildActionMask = 2147483647;
			files = (
			);
			runOnlyForDeploymentPostprocessing = 0;
		};
/* End PBXResourcesBuildPhase section */

/* Begin PBXSourcesBuildPhase section */
		57AC18B21ADBB95C00FB131D /* Sources */ = {
			isa = PBXSourcesBuildPhase;
			buildActionMask = 2147483647;
			files = (
				57AC18BE1ADBB95C00FB131D /* ViewController.swift in Sources */,
				57AC18BC1ADBB95C00FB131D /* AppDelegate.swift in Sources */,
			);
			runOnlyForDeploymentPostprocessing = 0;
		};
		57AC18C71ADBB95C00FB131D /* Sources */ = {
			isa = PBXSourcesBuildPhase;
			buildActionMask = 2147483647;
			files = (
				57AC18D21ADBB95C00FB131D /* CSTimetableTests.swift in Sources */,
			);
			runOnlyForDeploymentPostprocessing = 0;
		};
/* End PBXSourcesBuildPhase section */

/* Begin PBXTargetDependency section */
		57AC18CD1ADBB95C00FB131D /* PBXTargetDependency */ = {
			isa = PBXTargetDependency;
			target = 57AC18B51ADBB95C00FB131D /* CSTimetable */;
			targetProxy = 57AC18CC1ADBB95C00FB131D /* PBXContainerItemProxy */;
		};
/* End PBXTargetDependency section */

/* Begin PBXVariantGroup section */
		57AC18BF1ADBB95C00FB131D /* Main.storyboard */ = {
			isa = PBXVariantGroup;
			children = (
				57AC18C01ADBB95C00FB131D /* Base */,
			);
			name = Main.storyboard;
			sourceTree = "<group>";
		};
		57AC18C41ADBB95C00FB131D /* LaunchScreen.xib */ = {
			isa = PBXVariantGroup;
			children = (
				57AC18C51ADBB95C00FB131D /* Base */,
			);
			name = LaunchScreen.xib;
			sourceTree = "<group>";
		};
/* End PBXVariantGroup section */

/* Begin XCBuildConfiguration section */
		57AC18D31ADBB95C00FB131D /* Debug */ = {
			isa = XCBuildConfiguration;
			buildSettings = {
				ALWAYS_SEARCH_USER_PATHS = NO;
				CLANG_CXX_LANGUAGE_STANDARD = "gnu++0x";
				CLANG_CXX_LIBRARY = "libc++";
				CLANG_ENABLE_MODULES = YES;
				CLANG_ENABLE_OBJC_ARC = YES;
				CLANG_WARN_BOOL_CONVERSION = YES;
				CLANG_WARN_CONSTANT_CONVERSION = YES;
				CLANG_WARN_DIRECT_OBJC_ISA_USAGE = YES_ERROR;
				CLANG_WARN_EMPTY_BODY = YES;
				CLANG_WARN_ENUM_CONVERSION = YES;
				CLANG_WARN_INT_CONVERSION = YES;
				CLANG_WARN_OBJC_ROOT_CLASS = YES_ERROR;
				CLANG_WARN_UNREACHABLE_CODE = YES;
				CLANG_WARN__DUPLICATE_METHOD_MATCH = YES;
				"CODE_SIGN_IDENTITY[sdk=iphoneos*]" = "iPhone Developer";
				COPY_PHASE_STRIP = NO;
				DEBUG_INFORMATION_FORMAT = "dwarf-with-dsym";
				ENABLE_STRICT_OBJC_MSGSEND = YES;
				GCC_C_LANGUAGE_STANDARD = gnu99;
				GCC_DYNAMIC_NO_PIC = NO;
				GCC_NO_COMMON_BLOCKS = YES;
				GCC_OPTIMIZATION_LEVEL = 0;
				GCC_PREPROCESSOR_DEFINITIONS = (
					"DEBUG=1",
					"$(inherited)",
				);
				GCC_SYMBOLS_PRIVATE_EXTERN = NO;
				GCC_WARN_64_TO_32_BIT_CONVERSION = YES;
				GCC_WARN_ABOUT_RETURN_TYPE = YES_ERROR;
				GCC_WARN_UNDECLARED_SELECTOR = YES;
				GCC_WARN_UNINITIALIZED_AUTOS = YES_AGGRESSIVE;
				GCC_WARN_UNUSED_FUNCTION = YES;
				GCC_WARN_UNUSED_VARIABLE = YES;
				IPHONEOS_DEPLOYMENT_TARGET = 8.3;
				MTL_ENABLE_DEBUG_INFO = YES;
				ONLY_ACTIVE_ARCH = YES;
				SDKROOT = iphoneos;
				SWIFT_OPTIMIZATION_LEVEL = "-Onone";
				TARGETED_DEVICE_FAMILY = "1,2";
			};
			name = Debug;
		};
		57AC18D41ADBB95C00FB131D /* Release */ = {
			isa = XCBuildConfiguration;
			buildSettings = {
				ALWAYS_SEARCH_USER_PATHS = NO;
				CLANG_CXX_LANGUAGE_STANDARD = "gnu++0x";
				CLANG_CXX_LIBRARY = "libc++";
				CLANG_ENABLE_MODULES = YES;
				CLANG_ENABLE_OBJC_ARC = YES;
				CLANG_WARN_BOOL_CONVERSION = YES;
				CLANG_WARN_CONSTANT_CONVERSION = YES;
				CLANG_WARN_DIRECT_OBJC_ISA_USAGE = YES_ERROR;
				CLANG_WARN_EMPTY_BODY = YES;
				CLANG_WARN_ENUM_CONVERSION = YES;
				CLANG_WARN_INT_CONVERSION = YES;
				CLANG_WARN_OBJC_ROOT_CLASS = YES_ERROR;
				CLANG_WARN_UNREACHABLE_CODE = YES;
				CLANG_WARN__DUPLICATE_METHOD_MATCH = YES;
				"CODE_SIGN_IDENTITY[sdk=iphoneos*]" = "iPhone Developer";
				COPY_PHASE_STRIP = NO;
				DEBUG_INFORMATION_FORMAT = "dwarf-with-dsym";
				ENABLE_NS_ASSERTIONS = NO;
				ENABLE_STRICT_OBJC_MSGSEND = YES;
				GCC_C_LANGUAGE_STANDARD = gnu99;
				GCC_NO_COMMON_BLOCKS = YES;
				GCC_WARN_64_TO_32_BIT_CONVERSION = YES;
				GCC_WARN_ABOUT_RETURN_TYPE = YES_ERROR;
				GCC_WARN_UNDECLARED_SELECTOR = YES;
				GCC_WARN_UNINITIALIZED_AUTOS = YES_AGGRESSIVE;
				GCC_WARN_UNUSED_FUNCTION = YES;
				GCC_WARN_UNUSED_VARIABLE = YES;
				IPHONEOS_DEPLOYMENT_TARGET = 8.3;
				MTL_ENABLE_DEBUG_INFO = NO;
				SDKROOT = iphoneos;
				TARGETED_DEVICE_FAMILY = "1,2";
				VALIDATE_PRODUCT = YES;
			};
			name = Release;
		};
		57AC18D61ADBB95C00FB131D /* Debug */ = {
			isa = XCBuildConfiguration;
			buildSettings = {
				ASSETCATALOG_COMPILER_APPICON_NAME = AppIcon;
				INFOPLIST_FILE = CSTimetable/Info.plist;
				LD_RUNPATH_SEARCH_PATHS = "$(inherited) @executable_path/Frameworks";
				PRODUCT_NAME = "$(TARGET_NAME)";
			};
			name = Debug;
		};
		57AC18D71ADBB95C00FB131D /* Release */ = {
			isa = XCBuildConfiguration;
			buildSettings = {
				ASSETCATALOG_COMPILER_APPICON_NAME = AppIcon;
				INFOPLIST_FILE = CSTimetable/Info.plist;
				LD_RUNPATH_SEARCH_PATHS = "$(inherited) @executable_path/Frameworks";
				PRODUCT_NAME = "$(TARGET_NAME)";
			};
			name = Release;
		};
		57AC18D91ADBB95C00FB131D /* Debug */ = {
			isa = XCBuildConfiguration;
			buildSettings = {
				BUNDLE_LOADER = "$(TEST_HOST)";
				FRAMEWORK_SEARCH_PATHS = (
					"$(SDKROOT)/Developer/Library/Frameworks",
					"$(inherited)",
				);
				GCC_PREPROCESSOR_DEFINITIONS = (
					"DEBUG=1",
					"$(inherited)",
				);
				INFOPLIST_FILE = CSTimetableTests/Info.plist;
				LD_RUNPATH_SEARCH_PATHS = "$(inherited) @executable_path/Frameworks @loader_path/Frameworks";
				PRODUCT_NAME = "$(TARGET_NAME)";
				TEST_HOST = "$(BUILT_PRODUCTS_DIR)/CSTimetable.app/CSTimetable";
			};
			name = Debug;
		};
		57AC18DA1ADBB95C00FB131D /* Release */ = {
			isa = XCBuildConfiguration;
			buildSettings = {
				BUNDLE_LOADER = "$(TEST_HOST)";
				FRAMEWORK_SEARCH_PATHS = (
					"$(SDKROOT)/Developer/Library/Frameworks",
					"$(inherited)",
				);
				INFOPLIST_FILE = CSTimetableTests/Info.plist;
				LD_RUNPATH_SEARCH_PATHS = "$(inherited) @executable_path/Frameworks @loader_path/Frameworks";
				PRODUCT_NAME = "$(TARGET_NAME)";
				TEST_HOST = "$(BUILT_PRODUCTS_DIR)/CSTimetable.app/CSTimetable";
			};
			name = Release;
		};
/* End XCBuildConfiguration section */

/* Begin XCConfigurationList section */
		57AC18B11ADBB95C00FB131D /* Build configuration list for PBXProject "CSTimetable" */ = {
			isa = XCConfigurationList;
			buildConfigurations = (
				57AC18D31ADBB95C00FB131D /* Debug */,
				57AC18D41ADBB95C00FB131D /* Release */,
			);
			defaultConfigurationIsVisible = 0;
			defaultConfigurationName = Release;
		};
		57AC18D51ADBB95C00FB131D /* Build configuration list for PBXNativeTarget "CSTimetable" */ = {
			isa = XCConfigurationList;
			buildConfigurations = (
				57AC18D61ADBB95C00FB131D /* Debug */,
				57AC18D71ADBB95C00FB131D /* Release */,
			);
			defaultConfigurationIsVisible = 0;
		};
		57AC18D81ADBB95C00FB131D /* Build configuration list for PBXNativeTarget "CSTimetableTests" */ = {
			isa = XCConfigurationList;
			buildConfigurations = (
				57AC18D91ADBB95C00FB131D /* Debug */,
				57AC18DA1ADBB95C00FB131D /* Release */,
			);
			defaultConfigurationIsVisible = 0;
		};
/* End XCConfigurationList section */
	};
	rootObject = 57AC18AE1ADBB95C00FB131D /* Project object */;
}
